
Microsoft Visual Studio Solution File, Format Version 12.00
# Visual Studio Version 17
VisualStudioVersion = 17.9.34622.214
MinimumVisualStudioVersion = 10.0.40219.1
Project("{FAE04EC0-301F-11D3-BF4B-00C04F79EFBC}") = "dockerapps", "dockerapps\dockerapps.csproj", "{B8389317-F13A-4F5A-BAA5-AF3A4602DE8C}"
EndProject
Global
	GlobalSection(SolutionConfigurationPlatforms) = preSolution
		Debug|Any CPU = Debug|Any CPU
		Release|Any CPU = Release|Any CPU
	EndGlobalSection
	GlobalSection(ProjectConfigurationPlatforms) = postSolution
		{B8389317-F13A-4F5A-BAA5-AF3A4602DE8C}.Debug|Any CPU.ActiveCfg = Debug|Any CPU
		{B8389317-F13A-4F5A-BAA5-AF3A4602DE8C}.Debug|Any CPU.Build.0 = Debug|Any CPU
		{B8389317-F13A-4F5A-BAA5-AF3A4602DE8C}.Release|Any CPU.ActiveCfg = Release|Any CPU
		{B8389317-F13A-4F5A-BAA5-AF3A4602DE8C}.Release|Any CPU.Build.0 = Release|Any CPU
	EndGlobalSection
	GlobalSection(SolutionProperties) = preSolution
		HideSolutionNode = FALSE
	EndGlobalSection
	GlobalSection(ExtensibilityGlobals) = postSolution
		SolutionGuid = {9A8DEE6F-2974-445D-BCDA-1EB83B017BF9}
	EndGlobalSection
EndGlobal
